
Microsoft Visual Studio Solution File, Format Version 12.00
# Visual Studio Version 17
VisualStudioVersion = 17.4.33110.190
MinimumVisualStudioVersion = 10.0.40219.1
Project("{9A19103F-16F7-4668-BE54-9A1E7A4F7556}") = "Elixus.Discord", "src\Elixus.Discord\Elixus.Discord.csproj", "{7CEF8760-61FB-44D9-A9BF-16C4F70E72D1}"
EndProject
Project("{2150E333-8FDC-42A3-9474-1A3956D46DE8}") = "Solution Items", "Solution Items", "{1BBA2712-467A-42C0-9D8E-29CF64D6FA84}"
	ProjectSection(SolutionItems) = preProject
		.editorconfig = .editorconfig
		Directory.Build.props = Directory.Build.props
		.gitattributes = .gitattributes
		.gitignore = .gitignore
	EndProjectSection
EndProject
Project("{9A19103F-16F7-4668-BE54-9A1E7A4F7556}") = "ExampleConsole", "examples\ExampleConsole\ExampleConsole.csproj", "{08E3A979-BAF2-4462-AD46-7176492DF9AB}"
EndProject
Project("{9A19103F-16F7-4668-BE54-9A1E7A4F7556}") = "Elixus.Discord.Api", "src\Elixus.Discord.Api\Elixus.Discord.Api.csproj", "{F39078A6-19B8-4479-9967-A53A7577A33F}"
EndProject
Project("{FAE04EC0-301F-11D3-BF4B-00C04F79EFBC}") = "Elixus.Discord.Gateway", "src\Elixus.Discord.Gateway\Elixus.Discord.Gateway.csproj", "{6C8496EC-CC5D-423B-A59E-EE8C63F73673}"
EndProject
Project("{FAE04EC0-301F-11D3-BF4B-00C04F79EFBC}") = "Elixus.Discord.Core", "src\Elixus.Discord.Core\Elixus.Discord.Core.csproj", "{DB2D2F9C-24B1-4798-A68D-2231DF7C3AC2}"
EndProject
Global
	GlobalSection(SolutionConfigurationPlatforms) = preSolution
		Debug|Any CPU = Debug|Any CPU
		Release|Any CPU = Release|Any CPU
	EndGlobalSection
	GlobalSection(ProjectConfigurationPlatforms) = postSolution
		{7CEF8760-61FB-44D9-A9BF-16C4F70E72D1}.Debug|Any CPU.ActiveCfg = Debug|Any CPU
		{7CEF8760-61FB-44D9-A9BF-16C4F70E72D1}.Debug|Any CPU.Build.0 = Debug|Any CPU
		{7CEF8760-61FB-44D9-A9BF-16C4F70E72D1}.Release|Any CPU.ActiveCfg = Release|Any CPU
		{7CEF8760-61FB-44D9-A9BF-16C4F70E72D1}.Release|Any CPU.Build.0 = Release|Any CPU
		{08E3A979-BAF2-4462-AD46-7176492DF9AB}.Debug|Any CPU.ActiveCfg = Debug|Any CPU
		{08E3A979-BAF2-4462-AD46-7176492DF9AB}.Debug|Any CPU.Build.0 = Debug|Any CPU
		{08E3A979-BAF2-4462-AD46-7176492DF9AB}.Release|Any CPU.ActiveCfg = Release|Any CPU
		{08E3A979-BAF2-4462-AD46-7176492DF9AB}.Release|Any CPU.Build.0 = Release|Any CPU
		{F39078A6-19B8-4479-9967-A53A7577A33F}.Debug|Any CPU.ActiveCfg = Debug|Any CPU
		{F39078A6-19B8-4479-9967-A53A7577A33F}.Debug|Any CPU.Build.0 = Debug|Any CPU
		{F39078A6-19B8-4479-9967-A53A7577A33F}.Release|Any CPU.ActiveCfg = Release|Any CPU
		{F39078A6-19B8-4479-9967-A53A7577A33F}.Release|Any CPU.Build.0 = Release|Any CPU
		{6C8496EC-CC5D-423B-A59E-EE8C63F73673}.Debug|Any CPU.ActiveCfg = Debug|Any CPU
		{6C8496EC-CC5D-423B-A59E-EE8C63F73673}.Debug|Any CPU.Build.0 = Debug|Any CPU
		{6C8496EC-CC5D-423B-A59E-EE8C63F73673}.Release|Any CPU.ActiveCfg = Release|Any CPU
		{6C8496EC-CC5D-423B-A59E-EE8C63F73673}.Release|Any CPU.Build.0 = Release|Any CPU
		{DB2D2F9C-24B1-4798-A68D-2231DF7C3AC2}.Debug|Any CPU.ActiveCfg = Debug|Any CPU
		{DB2D2F9C-24B1-4798-A68D-2231DF7C3AC2}.Debug|Any CPU.Build.0 = Debug|Any CPU
		{DB2D2F9C-24B1-4798-A68D-2231DF7C3AC2}.Release|Any CPU.ActiveCfg = Release|Any CPU
		{DB2D2F9C-24B1-4798-A68D-2231DF7C3AC2}.Release|Any CPU.Build.0 = Release|Any CPU
	EndGlobalSection
	GlobalSection(SolutionProperties) = preSolution
		HideSolutionNode = FALSE
	EndGlobalSection
	GlobalSection(ExtensibilityGlobals) = postSolution
		SolutionGuid = {88993B64-122D-4CD7-A371-9ADFE30201B1}
	EndGlobalSection
EndGlobal
